
Microsoft Visual Studio Solution File, Format Version 12.00
# Visual Studio 15
VisualStudioVersion = 15.0.28307.902
MinimumVisualStudioVersion = 10.0.40219.1
Project("{F184B08F-C81C-45F6-A57F-5ABD9991F28F}") = "GridGroupingWF_VB", "GridGroupingWF_VB.vbproj", "{F7337E47-936B-4B52-8F83-FC9B08500A37}"
EndProject
Global
	GlobalSection(SolutionConfigurationPlatforms) = preSolution
		Debug|Any CPU = Debug|Any CPU
		Release|Any CPU = Release|Any CPU
	EndGlobalSection
	GlobalSection(ProjectConfigurationPlatforms) = postSolution
		{F7337E47-936B-4B52-8F83-FC9B08500A37}.Debug|Any CPU.ActiveCfg = Debug|Any CPU
		{F7337E47-936B-4B52-8F83-FC9B08500A37}.Debug|Any CPU.Build.0 = Debug|Any CPU
		{F7337E47-936B-4B52-8F83-FC9B08500A37}.Release|Any CPU.ActiveCfg = Release|Any CPU
		{F7337E47-936B-4B52-8F83-FC9B08500A37}.Release|Any CPU.Build.0 = Release|Any CPU
	EndGlobalSection
	GlobalSection(SolutionProperties) = preSolution
		HideSolutionNode = FALSE
	EndGlobalSection
	GlobalSection(ExtensibilityGlobals) = postSolution
		SolutionGuid = {D2BE8309-E0DD-4B3B-A7D8-0717E043B3B5}
	EndGlobalSection
EndGlobal
